
Microsoft Visual Studio Solution File, Format Version 12.00
# Visual Studio Version 17
VisualStudioVersion = 17.0.31903.59
MinimumVisualStudioVersion = 10.0.40219.1
Project("{2150E333-8FDC-42A3-9474-1A3956D46DE8}") = "src", "src", "{9D484821-C013-415F-8B71-0734BB0D00E9}"
EndProject
Project("{2150E333-8FDC-42A3-9474-1A3956D46DE8}") = "tests", "tests", "{F3AA8F25-188D-40CC-AE74-67E51191F4E4}"
EndProject
Project("{9A19103F-16F7-4668-BE54-9A1E7A4F7556}") = "LogSnag", "src\LogSnag\LogSnag.csproj", "{27D5D30C-C25A-48FC-B269-29499085FF6A}"
EndProject
Project("{9A19103F-16F7-4668-BE54-9A1E7A4F7556}") = "LogSnag.Tests.Unit", "tests\LogSnag.Tests.Unit\LogSnag.Tests.Unit.csproj", "{44E387CB-DE14-4023-B4F3-D32C555F4F10}"
EndProject
Project("{2150E333-8FDC-42A3-9474-1A3956D46DE8}") = ".github", ".github", "{4EEA5941-DD9B-4214-95C0-5444B8A3E86D}"
	ProjectSection(SolutionItems) = preProject
		.github\dependabot.yml = .github\dependabot.yml
	EndProjectSection
EndProject
Project("{2150E333-8FDC-42A3-9474-1A3956D46DE8}") = "workflows", "workflows", "{79786E30-EE92-4C58-83F8-EE189683C016}"
	ProjectSection(SolutionItems) = preProject
		.github\workflows\ci.yml = .github\workflows\ci.yml
		.github\workflows\publish.yml = .github\workflows\publish.yml
	EndProjectSection
EndProject
Project("{2150E333-8FDC-42A3-9474-1A3956D46DE8}") = "Solution Items", "Solution Items", "{FACBEA39-0DFF-4793-A945-55F514976D7F}"
	ProjectSection(SolutionItems) = preProject
		.gitignore = .gitignore
		Directory.Build.props = Directory.Build.props
		README.md = README.md
	EndProjectSection
EndProject
Project("{9A19103F-16F7-4668-BE54-9A1E7A4F7556}") = "LogSnag.Extensions.Microsoft.DependencyInjection", "src\LogSnag.Extensions.Microsoft.DependencyInjection\LogSnag.Extensions.Microsoft.DependencyInjection.csproj", "{BA6FDFE3-9344-4754-A557-6EB189E2BAEF}"
EndProject
Project("{2150E333-8FDC-42A3-9474-1A3956D46DE8}") = "assets", "assets", "{17AF12DB-0B92-4726-AE38-59014CA582A1}"
	ProjectSection(SolutionItems) = preProject
		assets\logsnag128x128.png = assets\logsnag128x128.png
	EndProjectSection
EndProject
Global
	GlobalSection(SolutionConfigurationPlatforms) = preSolution
		Debug|Any CPU = Debug|Any CPU
		Release|Any CPU = Release|Any CPU
	EndGlobalSection
	GlobalSection(ProjectConfigurationPlatforms) = postSolution
		{27D5D30C-C25A-48FC-B269-29499085FF6A}.Debug|Any CPU.ActiveCfg = Debug|Any CPU
		{27D5D30C-C25A-48FC-B269-29499085FF6A}.Debug|Any CPU.Build.0 = Debug|Any CPU
		{27D5D30C-C25A-48FC-B269-29499085FF6A}.Release|Any CPU.ActiveCfg = Release|Any CPU
		{27D5D30C-C25A-48FC-B269-29499085FF6A}.Release|Any CPU.Build.0 = Release|Any CPU
		{44E387CB-DE14-4023-B4F3-D32C555F4F10}.Debug|Any CPU.ActiveCfg = Debug|Any CPU
		{44E387CB-DE14-4023-B4F3-D32C555F4F10}.Debug|Any CPU.Build.0 = Debug|Any CPU
		{44E387CB-DE14-4023-B4F3-D32C555F4F10}.Release|Any CPU.ActiveCfg = Release|Any CPU
		{44E387CB-DE14-4023-B4F3-D32C555F4F10}.Release|Any CPU.Build.0 = Release|Any CPU
		{BA6FDFE3-9344-4754-A557-6EB189E2BAEF}.Debug|Any CPU.ActiveCfg = Debug|Any CPU
		{BA6FDFE3-9344-4754-A557-6EB189E2BAEF}.Debug|Any CPU.Build.0 = Debug|Any CPU
		{BA6FDFE3-9344-4754-A557-6EB189E2BAEF}.Release|Any CPU.ActiveCfg = Release|Any CPU
		{BA6FDFE3-9344-4754-A557-6EB189E2BAEF}.Release|Any CPU.Build.0 = Release|Any CPU
	EndGlobalSection
	GlobalSection(SolutionProperties) = preSolution
		HideSolutionNode = FALSE
	EndGlobalSection
	GlobalSection(NestedProjects) = preSolution
		{27D5D30C-C25A-48FC-B269-29499085FF6A} = {9D484821-C013-415F-8B71-0734BB0D00E9}
		{44E387CB-DE14-4023-B4F3-D32C555F4F10} = {F3AA8F25-188D-40CC-AE74-67E51191F4E4}
		{4EEA5941-DD9B-4214-95C0-5444B8A3E86D} = {FACBEA39-0DFF-4793-A945-55F514976D7F}
		{79786E30-EE92-4C58-83F8-EE189683C016} = {4EEA5941-DD9B-4214-95C0-5444B8A3E86D}
		{BA6FDFE3-9344-4754-A557-6EB189E2BAEF} = {9D484821-C013-415F-8B71-0734BB0D00E9}
		{17AF12DB-0B92-4726-AE38-59014CA582A1} = {FACBEA39-0DFF-4793-A945-55F514976D7F}
	EndGlobalSection
	GlobalSection(ExtensibilityGlobals) = postSolution
		SolutionGuid = {9B9132AF-389D-440B-AE73-AEB0E4CA5007}
	EndGlobalSection
EndGlobal
